{
  "name": "lightstreamer-client",
  "version": "1.0.0",
  "lockfileVersion": 1,
  "requires": true,
  "dependencies": {
    "@ampproject/rollup-plugin-closure-compiler": {
      "version": "0.9.0",
      "resolved": "https://registry.npmjs.org/@ampproject/rollup-plugin-closure-compiler/-/rollup-plugin-closure-compiler-0.9.0.tgz",
      "integrity": "sha512-7HiDToV5suZm193LhLxuuMVuTyUGsYGlpw+a49O6egqkuMHa5tCajCi5+2J06r25FRQ1LdMGEtaBQUn2Q7oByA==",
      "dev": true,
      "requires": {
        "acorn": "6.1.1",
        "acorn-dynamic-import": "4.0.0",
        "acorn-walk": "6.1.1",
        "google-closure-compiler": "20190325.0.0",
        "magic-string": "0.25.2",
        "temp-write": "3.4.0"
      },
      "dependencies": {
        "acorn": {
          "version": "6.1.1",
          "resolved": "https://registry.npmjs.org/acorn/-/acorn-6.1.1.tgz",
          "integrity": "sha512-jPTiwtOxaHNaAPg/dmrJ/beuzLRnXtB0kQPQ8JpotKJgTB6rX6c8mlf315941pyjBSaPg8NHXS9fhP4u17DpGA==",
          "dev": true
        },
        "magic-string": {
          "version": "0.25.2",
          "resolved": "https://registry.npmjs.org/magic-string/-/magic-string-0.25.2.tgz",
          "integrity": "sha512-iLs9mPjh9IuTtRsqqhNGYcZXGei0Nh/A4xirrsqW7c+QhKVFL2vm7U09ru6cHRD22azaP/wMDgI+HCqbETMTtg==",
          "dev": true,
          "requires": {
            "sourcemap-codec": "^1.4.4"
          }
        }
      }
    },
    "@types/estree": {
      "version": "0.0.39",
      "resolved": "https://registry.npmjs.org/@types/estree/-/estree-0.0.39.tgz",
      "integrity": "sha512-EYNwp3bU+98cpU4lAWYYL7Zz+2gryWH1qbdDTidVd6hkiR6weksdbMadyXKXNPEkQFhXM+hVO9ZygomHXp+AIw==",
      "dev": true
    },
    "@types/node": {
      "version": "12.6.1",
      "resolved": "https://registry.npmjs.org/@types/node/-/node-12.6.1.tgz",
      "integrity": "sha512-rp7La3m845mSESCgsJePNL/JQyhkOJA6G4vcwvVgkDAwHhGdq5GCumxmPjEk1MZf+8p5ZQAUE7tqgQRQTXN7uQ==",
      "dev": true
    },
    "@types/resolve": {
      "version": "0.0.8",
      "resolved": "https://registry.npmjs.org/@types/resolve/-/resolve-0.0.8.tgz",
      "integrity": "sha512-auApPaJf3NPfe18hSoJkp8EbZzer2ISk7o8mCC3M9he/a04+gbMF97NkpD2S8riMGvm4BMRI59/SZQSaLTKpsQ==",
      "dev": true,
      "requires": {
        "@types/node": "*"
      }
    },
    "acorn": {
      "version": "6.2.0",
      "resolved": "https://registry.npmjs.org/acorn/-/acorn-6.2.0.tgz",
      "integrity": "sha512-8oe72N3WPMjA+2zVG71Ia0nXZ8DpQH+QyyHO+p06jT8eg8FGG3FbcUIi8KziHlAfheJQZeoqbvq1mQSQHXKYLw==",
      "dev": true
    },
    "acorn-dynamic-import": {
      "version": "4.0.0",
      "resolved": "https://registry.npmjs.org/acorn-dynamic-import/-/acorn-dynamic-import-4.0.0.tgz",
      "integrity": "sha512-d3OEjQV4ROpoflsnUA8HozoIR504TFxNivYEUi6uwz0IYhBkTDXGuWlNdMtybRt3nqVx/L6XqMt0FxkXuWKZhw==",
      "dev": true
    },
    "acorn-walk": {
      "version": "6.1.1",
      "resolved": "https://registry.npmjs.org/acorn-walk/-/acorn-walk-6.1.1.tgz",
      "integrity": "sha512-OtUw6JUTgxA2QoqqmrmQ7F2NYqiBPi/L2jqHyFtllhOUvXYQXf0Z1CYUinIfyT4bTCGmrA7gX9FvHA81uzCoVw==",
      "dev": true
    },
    "ansi-regex": {
      "version": "2.1.1",
      "resolved": "https://registry.npmjs.org/ansi-regex/-/ansi-regex-2.1.1.tgz",
      "integrity": "sha1-w7M6te42DYbg5ijwRorn7yfWVN8=",
      "dev": true
    },
    "ansi-styles": {
      "version": "2.2.1",
      "resolved": "https://registry.npmjs.org/ansi-styles/-/ansi-styles-2.2.1.tgz",
      "integrity": "sha1-tDLdM1i2NM914eRmQ2gkBTPB3b4=",
      "dev": true
    },
    "builtin-modules": {
      "version": "3.1.0",
      "resolved": "https://registry.npmjs.org/builtin-modules/-/builtin-modules-3.1.0.tgz",
      "integrity": "sha512-k0KL0aWZuBt2lrxrcASWDfwOLMnodeQjodT/1SxEQAXsHANgo6ZC/VEaSEHCXt7aSTZ4/4H5LKa+tBXmW7Vtvw==",
      "dev": true
    },
    "chalk": {
      "version": "1.1.3",
      "resolved": "https://registry.npmjs.org/chalk/-/chalk-1.1.3.tgz",
      "integrity": "sha1-qBFcVeSnAv5NFQq9OHKCKn4J/Jg=",
      "dev": true,
      "requires": {
        "ansi-styles": "^2.2.1",
        "escape-string-regexp": "^1.0.2",
        "has-ansi": "^2.0.0",
        "strip-ansi": "^3.0.0",
        "supports-color": "^2.0.0"
      }
    },
    "clone": {
      "version": "2.1.2",
      "resolved": "https://registry.npmjs.org/clone/-/clone-2.1.2.tgz",
      "integrity": "sha1-G39Ln1kfHo+DZwQBYANFoCiHQ18=",
      "dev": true
    },
    "clone-buffer": {
      "version": "1.0.0",
      "resolved": "https://registry.npmjs.org/clone-buffer/-/clone-buffer-1.0.0.tgz",
      "integrity": "sha1-4+JbIHrE5wGvch4staFnksrD3Fg=",
      "dev": true
    },
    "clone-stats": {
      "version": "1.0.0",
      "resolved": "https://registry.npmjs.org/clone-stats/-/clone-stats-1.0.0.tgz",
      "integrity": "sha1-s3gt/4u1R04Yuba/D9/ngvh3doA=",
      "dev": true
    },
    "cloneable-readable": {
      "version": "1.1.3",
      "resolved": "https://registry.npmjs.org/cloneable-readable/-/cloneable-readable-1.1.3.tgz",
      "integrity": "sha512-2EF8zTQOxYq70Y4XKtorQupqF0m49MBz2/yf5Bj+MHjvpG3Hy7sImifnqD6UA+TKYxeSV+u6qqQPawN5UvnpKQ==",
      "dev": true,
      "requires": {
        "inherits": "^2.0.1",
        "process-nextick-args": "^2.0.0",
        "readable-stream": "^2.3.5"
      }
    },
    "core-util-is": {
      "version": "1.0.2",
      "resolved": "https://registry.npmjs.org/core-util-is/-/core-util-is-1.0.2.tgz",
      "integrity": "sha1-tf1UIgqivFq1eqtxQMlAdUUDwac=",
      "dev": true
    },
    "escape-string-regexp": {
      "version": "1.0.5",
      "resolved": "https://registry.npmjs.org/escape-string-regexp/-/escape-string-regexp-1.0.5.tgz",
      "integrity": "sha1-G2HAViGQqN/2rjuyzwIAyhMLhtQ=",
      "dev": true
    },
    "estree-walker": {
      "version": "0.6.1",
      "resolved": "https://registry.npmjs.org/estree-walker/-/estree-walker-0.6.1.tgz",
      "integrity": "sha512-SqmZANLWS0mnatqbSfRP5g8OXZC12Fgg1IwNtLsyHDzJizORW4khDfjPqJZsemPWBB2uqykUah5YpQ6epsqC/w==",
      "dev": true
    },
    "faye-websocket": {
      "version": "0.11.3",
      "resolved": "https://registry.npmjs.org/faye-websocket/-/faye-websocket-0.11.3.tgz",
      "integrity": "sha512-D2y4bovYpzziGgbHYtGCMjlJM36vAl/y+xUyn1C+FVx8szd1E+86KwVw6XvYSzOP8iMpm1X0I4xJD+QtUb36OA==",
      "requires": {
        "websocket-driver": ">=0.5.1"
      }
    },
    "google-closure-compiler": {
      "version": "20190325.0.0",
      "resolved": "https://registry.npmjs.org/google-closure-compiler/-/google-closure-compiler-20190325.0.0.tgz",
      "integrity": "sha512-VTStTIPkGKbmNwUp/jn8XF2I/qEKp/jsbOOy8ReU2QSo8IcJxbtZH0pYNTX57dY7EqUGeRpl3nYYPSyJ1XCQZA==",
      "dev": true,
      "requires": {
        "chalk": "^1.0.0",
        "google-closure-compiler-java": "^20190325.0.0",
        "google-closure-compiler-js": "^20190325.0.0",
        "google-closure-compiler-linux": "^20190325.0.0",
        "google-closure-compiler-osx": "^20190325.0.0",
        "minimist": "^1.2.0",
        "vinyl": "^2.0.1",
        "vinyl-sourcemaps-apply": "^0.2.0"
      },
      "dependencies": {
        "minimist": {
          "version": "1.2.0",
          "resolved": "https://registry.npmjs.org/minimist/-/minimist-1.2.0.tgz",
          "integrity": "sha1-o1AIsg9BOD7sH7kU9M1d95omQoQ=",
          "dev": true
        }
      }
    },
    "google-closure-compiler-java": {
      "version": "20190325.0.0",
      "resolved": "https://registry.npmjs.org/google-closure-compiler-java/-/google-closure-compiler-java-20190325.0.0.tgz",
      "integrity": "sha512-waoh1nsDtm4yEban20S4yMVdpmJgc7YCahTFXR16a5tKQ3Gqw1CY3z7wmVLHtz7tBSI7iiE2CmIsQyag6MpKuQ==",
      "dev": true
    },
    "google-closure-compiler-js": {
      "version": "20190325.0.0",
      "resolved": "https://registry.npmjs.org/google-closure-compiler-js/-/google-closure-compiler-js-20190325.0.0.tgz",
      "integrity": "sha512-F7cBV95GNZSbzv8dtXFfDgCYSYlo4nFl26GMvE23/fYgVmbPSFWNGu5ytD9rid25PBr+p8lvBVHN+zwH/7boxg==",
      "dev": true
    },
    "google-closure-compiler-linux": {
      "version": "20190325.0.0",
      "resolved": "https://registry.npmjs.org/google-closure-compiler-linux/-/google-closure-compiler-linux-20190325.0.0.tgz",
      "integrity": "sha512-xsX/v5ASePMuBkqT0UbLr01mFlOEKq4Gvm6AEt56vHYCXaDIZrOBvX38WK/niyfZPJIFcq45nj/oPcYUYlKwpA==",
      "dev": true,
      "optional": true
    },
    "google-closure-compiler-osx": {
      "version": "20190325.0.0",
      "resolved": "https://registry.npmjs.org/google-closure-compiler-osx/-/google-closure-compiler-osx-20190325.0.0.tgz",
      "integrity": "sha512-4RVMm8sZcO7i+HkDe8pzHumJVK5JtoRoQsAslJpmAhOU6050Rzbcc1Ja/9tLcwTBtxOndxetHrc7oqikT5DUHQ==",
      "dev": true,
      "optional": true
    },
    "graceful-fs": {
      "version": "4.2.0",
      "resolved": "https://registry.npmjs.org/graceful-fs/-/graceful-fs-4.2.0.tgz",
      "integrity": "sha512-jpSvDPV4Cq/bgtpndIWbI5hmYxhQGHPC4d4cqBPb4DLniCfhJokdXhwhaDuLBGLQdvvRum/UiX6ECVIPvDXqdg==",
      "dev": true
    },
    "has-ansi": {
      "version": "2.0.0",
      "resolved": "https://registry.npmjs.org/has-ansi/-/has-ansi-2.0.0.tgz",
      "integrity": "sha1-NPUEnOHs3ysGSa8+8k5F7TVBbZE=",
      "dev": true,
      "requires": {
        "ansi-regex": "^2.0.0"
      }
    },
    "http-parser-js": {
      "version": "0.4.10",
      "resolved": "https://registry.npmjs.org/http-parser-js/-/http-parser-js-0.4.10.tgz",
      "integrity": "sha1-ksnBN0w1CF912zWexWzCV8u5P6Q="
    },
    "inherits": {
      "version": "2.0.4",
      "resolved": "https://registry.npmjs.org/inherits/-/inherits-2.0.4.tgz",
      "integrity": "sha512-k/vGaX4/Yla3WzyMCvTQOXYeIHvqOKtnqBduzTHpzpQZzAskKMhZ2K+EnBiSM9zGSoIFeMpXKxa4dYeZIQqewQ==",
      "dev": true
    },
    "is-module": {
      "version": "1.0.0",
      "resolved": "https://registry.npmjs.org/is-module/-/is-module-1.0.0.tgz",
      "integrity": "sha1-Mlj7afeMFNW4FdZkM2tM/7ZEFZE=",
      "dev": true
    },
    "is-stream": {
      "version": "1.1.0",
      "resolved": "https://registry.npmjs.org/is-stream/-/is-stream-1.1.0.tgz",
      "integrity": "sha1-EtSj3U5o4Lec6428hBc66A2RykQ=",
      "dev": true
    },
    "isarray": {
      "version": "1.0.0",
      "resolved": "https://registry.npmjs.org/isarray/-/isarray-1.0.0.tgz",
      "integrity": "sha1-u5NdSFgsuhaMBoNJV6VKPgcSTxE=",
      "dev": true
    },
    "magic-string": {
      "version": "0.25.3",
      "resolved": "https://registry.npmjs.org/magic-string/-/magic-string-0.25.3.tgz",
      "integrity": "sha512-6QK0OpF/phMz0Q2AxILkX2mFhi7m+WMwTRg0LQKq/WBB0cDP4rYH3Wp4/d3OTXlrPLVJT/RFqj8tFeAR4nk8AA==",
      "dev": true,
      "requires": {
        "sourcemap-codec": "^1.4.4"
      }
    },
    "make-dir": {
      "version": "1.3.0",
      "resolved": "https://registry.npmjs.org/make-dir/-/make-dir-1.3.0.tgz",
      "integrity": "sha512-2w31R7SJtieJJnQtGc7RVL2StM2vGYVfqUOvUDxH6bC6aJTxPxTF0GnIgCyu7tjockiUWAYQRbxa7vKn34s5sQ==",
      "dev": true,
      "requires": {
        "pify": "^3.0.0"
      }
    },
    "minimist": {
      "version": "1.2.0",
      "resolved": "https://registry.npmjs.org/minimist/-/minimist-1.2.0.tgz",
      "integrity": "sha1-o1AIsg9BOD7sH7kU9M1d95omQoQ=",
      "dev": true
    },
    "path-parse": {
      "version": "1.0.6",
      "resolved": "https://registry.npmjs.org/path-parse/-/path-parse-1.0.6.tgz",
      "integrity": "sha512-GSmOT2EbHrINBf9SR7CDELwlJ8AENk3Qn7OikK4nFYAu3Ote2+JYNVvkpAEQm3/TLNEJFD/xZJjzyxg3KBWOzw==",
      "dev": true
    },
    "pify": {
      "version": "3.0.0",
      "resolved": "https://registry.npmjs.org/pify/-/pify-3.0.0.tgz",
      "integrity": "sha1-5aSs0sEB/fPZpNB/DbxNtJ3SgXY=",
      "dev": true
    },
    "process-nextick-args": {
      "version": "2.0.1",
      "resolved": "https://registry.npmjs.org/process-nextick-args/-/process-nextick-args-2.0.1.tgz",
      "integrity": "sha512-3ouUOpQhtgrbOa17J7+uxOTpITYWaGP7/AhoR3+A+/1e9skrzelGi/dXzEYyvbxubEF6Wn2ypscTKiKJFFn1ag==",
      "dev": true
    },
    "readable-stream": {
      "version": "2.3.6",
      "resolved": "https://registry.npmjs.org/readable-stream/-/readable-stream-2.3.6.tgz",
      "integrity": "sha512-tQtKA9WIAhBF3+VLAseyMqZeBjW0AHJoxOtYqSUZNJxauErmLbVm2FW1y+J/YA9dUrAC39ITejlZWhVIwawkKw==",
      "dev": true,
      "requires": {
        "core-util-is": "~1.0.0",
        "inherits": "~2.0.3",
        "isarray": "~1.0.0",
        "process-nextick-args": "~2.0.0",
        "safe-buffer": "~5.1.1",
        "string_decoder": "~1.1.1",
        "util-deprecate": "~1.0.1"
      },
      "dependencies": {
        "safe-buffer": {
          "version": "5.1.2",
          "resolved": "https://registry.npmjs.org/safe-buffer/-/safe-buffer-5.1.2.tgz",
          "integrity": "sha512-Gd2UZBJDkXlY7GbJxfsE8/nvKkUEU1G38c1siN6QP6a9PT9MmHB8GnpscSmMJSoF8LOIrt8ud/wPtojys4G6+g==",
          "dev": true
        }
      }
    },
    "remove-trailing-separator": {
      "version": "1.1.0",
      "resolved": "https://registry.npmjs.org/remove-trailing-separator/-/remove-trailing-separator-1.1.0.tgz",
      "integrity": "sha1-wkvOKig62tW8P1jg1IJJuSN52O8=",
      "dev": true
    },
    "replace-ext": {
      "version": "1.0.0",
      "resolved": "https://registry.npmjs.org/replace-ext/-/replace-ext-1.0.0.tgz",
      "integrity": "sha1-3mMSg3P8v3w8z6TeWkgMRaZ5WOs=",
      "dev": true
    },
    "requirejs": {
      "version": "2.3.6",
      "resolved": "https://registry.npmjs.org/requirejs/-/requirejs-2.3.6.tgz",
      "integrity": "sha512-ipEzlWQe6RK3jkzikgCupiTbTvm4S0/CAU5GlgptkN5SO6F3u0UD0K18wy6ErDqiCyP4J4YYe1HuAShvsxePLg==",
      "dev": true
    },
    "resolve": {
      "version": "1.11.1",
      "resolved": "https://registry.npmjs.org/resolve/-/resolve-1.11.1.tgz",
      "integrity": "sha512-vIpgF6wfuJOZI7KKKSP+HmiKggadPQAdsp5HiC1mvqnfp0gF1vdwgBWZIdrVft9pgqoMFQN+R7BSWZiBxx+BBw==",
      "dev": true,
      "requires": {
        "path-parse": "^1.0.6"
      }
    },
    "rollup": {
      "version": "1.16.7",
      "resolved": "https://registry.npmjs.org/rollup/-/rollup-1.16.7.tgz",
      "integrity": "sha512-P3GVcbVSLLjHWFLKGerYRe3Q/yggRXmTZFx/4WZf4wzGwO6hAg5jyMAFMQKc0dts8rFID4BQngfoz6yQbI7iMQ==",
      "dev": true,
      "requires": {
        "@types/estree": "0.0.39",
        "@types/node": "^12.0.10",
        "acorn": "^6.1.1"
      }
    },
    "rollup-plugin-alias": {
      "version": "1.5.2",
      "resolved": "https://registry.npmjs.org/rollup-plugin-alias/-/rollup-plugin-alias-1.5.2.tgz",
      "integrity": "sha512-ODeZXhTxpD48sfcYLAFc1BGrsXKDj7o1CSNH3uYbdK3o0NxyMmaQPTNgW+ko+am92DLC8QSTe4kyxTuEkI5S5w==",
      "dev": true,
      "requires": {
        "slash": "^3.0.0"
      }
    },
    "rollup-plugin-node-resolve": {
      "version": "5.2.0",
      "resolved": "https://registry.npmjs.org/rollup-plugin-node-resolve/-/rollup-plugin-node-resolve-5.2.0.tgz",
      "integrity": "sha512-jUlyaDXts7TW2CqQ4GaO5VJ4PwwaV8VUGA7+km3n6k6xtOEacf61u0VXwN80phY/evMcaS+9eIeJ9MOyDxt5Zw==",
      "dev": true,
      "requires": {
        "@types/resolve": "0.0.8",
        "builtin-modules": "^3.1.0",
        "is-module": "^1.0.0",
        "resolve": "^1.11.1",
        "rollup-pluginutils": "^2.8.1"
      }
    },
    "rollup-plugin-replace": {
      "version": "2.2.0",
      "resolved": "https://registry.npmjs.org/rollup-plugin-replace/-/rollup-plugin-replace-2.2.0.tgz",
      "integrity": "sha512-/5bxtUPkDHyBJAKketb4NfaeZjL5yLZdeUihSfbF2PQMz+rSTEb8ARKoOl3UBT4m7/X+QOXJo3sLTcq+yMMYTA==",
      "dev": true,
      "requires": {
        "magic-string": "^0.25.2",
        "rollup-pluginutils": "^2.6.0"
      }
    },
    "rollup-plugin-virtual": {
      "version": "1.0.1",
      "resolved": "https://registry.npmjs.org/rollup-plugin-virtual/-/rollup-plugin-virtual-1.0.1.tgz",
      "integrity": "sha512-HCTBpV8MwP5lNzZrHD2moVxHIToHU1EkzkKGVj6Z0DcgUfxrxrZmeQirQeLz2yhnkJqRjwiVywK9CS8jDYakrw==",
      "dev": true
    },
    "rollup-pluginutils": {
      "version": "2.8.1",
      "resolved": "https://registry.npmjs.org/rollup-pluginutils/-/rollup-pluginutils-2.8.1.tgz",
      "integrity": "sha512-J5oAoysWar6GuZo0s+3bZ6sVZAC0pfqKz68De7ZgDi5z63jOVZn1uJL/+z1jeKHNbGII8kAyHF5q8LnxSX5lQg==",
      "dev": true,
      "requires": {
        "estree-walker": "^0.6.1"
      }
    },
    "safe-buffer": {
      "version": "5.2.0",
      "resolved": "https://registry.npmjs.org/safe-buffer/-/safe-buffer-5.2.0.tgz",
      "integrity": "sha512-fZEwUGbVl7kouZs1jCdMLdt95hdIv0ZeHg6L7qPeciMZhZ+/gdesW4wgTARkrFWEpspjEATAzUGPG8N2jJiwbg=="
    },
    "slash": {
      "version": "3.0.0",
      "resolved": "https://registry.npmjs.org/slash/-/slash-3.0.0.tgz",
      "integrity": "sha512-g9Q1haeby36OSStwb4ntCGGGaKsaVSjQ68fBxoQcutl5fS1vuY18H3wSt3jFyFtrkx+Kz0V1G85A4MyAdDMi2Q==",
      "dev": true
    },
    "source-map": {
      "version": "0.5.7",
      "resolved": "https://registry.npmjs.org/source-map/-/source-map-0.5.7.tgz",
      "integrity": "sha1-igOdLRAh0i0eoUyA2OpGi6LvP8w=",
      "dev": true
    },
    "sourcemap-codec": {
      "version": "1.4.6",
      "resolved": "https://registry.npmjs.org/sourcemap-codec/-/sourcemap-codec-1.4.6.tgz",
      "integrity": "sha512-1ZooVLYFxC448piVLBbtOxFcXwnymH9oUF8nRd3CuYDVvkRBxRl6pB4Mtas5a4drtL+E8LDgFkQNcgIw6tc8Hg==",
      "dev": true
    },
    "string_decoder": {
      "version": "1.1.1",
      "resolved": "https://registry.npmjs.org/string_decoder/-/string_decoder-1.1.1.tgz",
      "integrity": "sha512-n/ShnvDi6FHbbVfviro+WojiFzv+s8MPMHBczVePfUpDJLwoLT0ht1l4YwBCbi8pJAveEEdnkHyPyTP/mzRfwg==",
      "dev": true,
      "requires": {
        "safe-buffer": "~5.1.0"
      },
      "dependencies": {
        "safe-buffer": {
          "version": "5.1.2",
          "resolved": "https://registry.npmjs.org/safe-buffer/-/safe-buffer-5.1.2.tgz",
          "integrity": "sha512-Gd2UZBJDkXlY7GbJxfsE8/nvKkUEU1G38c1siN6QP6a9PT9MmHB8GnpscSmMJSoF8LOIrt8ud/wPtojys4G6+g==",
          "dev": true
        }
      }
    },
    "strip-ansi": {
      "version": "3.0.1",
      "resolved": "https://registry.npmjs.org/strip-ansi/-/strip-ansi-3.0.1.tgz",
      "integrity": "sha1-ajhfuIU9lS1f8F0Oiq+UJ43GPc8=",
      "dev": true,
      "requires": {
        "ansi-regex": "^2.0.0"
      }
    },
    "supports-color": {
      "version": "2.0.0",
      "resolved": "https://registry.npmjs.org/supports-color/-/supports-color-2.0.0.tgz",
      "integrity": "sha1-U10EXOa2Nj+kARcIRimZXp3zJMc=",
      "dev": true
    },
    "temp-dir": {
      "version": "1.0.0",
      "resolved": "https://registry.npmjs.org/temp-dir/-/temp-dir-1.0.0.tgz",
      "integrity": "sha1-CnwOom06Oa+n4OvqnB/AvE2qAR0=",
      "dev": true
    },
    "temp-write": {
      "version": "3.4.0",
      "resolved": "https://registry.npmjs.org/temp-write/-/temp-write-3.4.0.tgz",
      "integrity": "sha1-jP9jD7fp2gXwR8dM5M5NaFRX1JI=",
      "dev": true,
      "requires": {
        "graceful-fs": "^4.1.2",
        "is-stream": "^1.1.0",
        "make-dir": "^1.0.0",
        "pify": "^3.0.0",
        "temp-dir": "^1.0.0",
        "uuid": "^3.0.1"
      }
    },
    "util-deprecate": {
      "version": "1.0.2",
      "resolved": "https://registry.npmjs.org/util-deprecate/-/util-deprecate-1.0.2.tgz",
      "integrity": "sha1-RQ1Nyfpw3nMnYvvS1KKJgUGaDM8=",
      "dev": true
    },
    "uuid": {
      "version": "3.3.2",
      "resolved": "https://registry.npmjs.org/uuid/-/uuid-3.3.2.tgz",
      "integrity": "sha512-yXJmeNaw3DnnKAOKJE51sL/ZaYfWJRl1pK9dr19YFCu0ObS231AB1/LbqTKRAQ5kw8A90rA6fr4riOUpTZvQZA==",
      "dev": true
    },
    "vinyl": {
      "version": "2.2.0",
      "resolved": "https://registry.npmjs.org/vinyl/-/vinyl-2.2.0.tgz",
      "integrity": "sha512-MBH+yP0kC/GQ5GwBqrTPTzEfiiLjta7hTtvQtbxBgTeSXsmKQRQecjibMbxIXzVT3Y9KJK+drOz1/k+vsu8Nkg==",
      "dev": true,
      "requires": {
        "clone": "^2.1.1",
        "clone-buffer": "^1.0.0",
        "clone-stats": "^1.0.0",
        "cloneable-readable": "^1.0.0",
        "remove-trailing-separator": "^1.0.1",
        "replace-ext": "^1.0.0"
      }
    },
    "vinyl-sourcemaps-apply": {
      "version": "0.2.1",
      "resolved": "https://registry.npmjs.org/vinyl-sourcemaps-apply/-/vinyl-sourcemaps-apply-0.2.1.tgz",
      "integrity": "sha1-q2VJ1h0XLCsbh75cUI0jnI74dwU=",
      "dev": true,
      "requires": {
        "source-map": "^0.5.1"
      }
    },
    "websocket-driver": {
      "version": "0.7.3",
      "resolved": "https://registry.npmjs.org/websocket-driver/-/websocket-driver-0.7.3.tgz",
      "integrity": "sha512-bpxWlvbbB459Mlipc5GBzzZwhoZgGEZLuqPaR0INBGnPAY1vdBX6hPnoFXiw+3yWxDuHyQjO2oXTMyS8A5haFg==",
      "requires": {
        "http-parser-js": ">=0.4.0 <0.4.11",
        "safe-buffer": ">=5.1.0",
        "websocket-extensions": ">=0.1.1"
      }
    },
    "websocket-extensions": {
      "version": "0.1.4",
      "resolved": "https://registry.npmjs.org/websocket-extensions/-/websocket-extensions-0.1.4.tgz",
      "integrity": "sha512-OqedPIGOfsDlo31UNwYbCFMSaO9m9G/0faIHj5/dZFDMFqPTcx6UwqyOy3COEaEOg/9VsGIpdqn62W5KhoKSpg=="
    },
    "xmlhttprequest": {
      "version": "1.8.0",
      "resolved": "https://registry.npmjs.org/xmlhttprequest/-/xmlhttprequest-1.8.0.tgz",
      "integrity": "sha1-Z/4HXFwk/vOfnWX197f+dRcZaPw="
    },
    "xmlhttprequest-cookie": {
      "version": "0.9.9",
      "resolved": "https://registry.npmjs.org/xmlhttprequest-cookie/-/xmlhttprequest-cookie-0.9.9.tgz",
      "integrity": "sha512-39xloHdqRonNUa68sTiCqOfXK1AKAEPU0mKCfNsDL+D6zkQoz8DNqJpN/vitCOo1xUvHiHH8K8Z3RiM7wMkxpQ==",
      "requires": {
        "xmlhttprequest": ">=1.8.0"
      }
    }
  }
}
